
Microsoft Visual Studio Solution File, Format Version 12.00
# Visual Studio Version 17
VisualStudioVersion = 17.5.002.0
MinimumVisualStudioVersion = 10.0.40219.1
Project("{9A19103F-16F7-4668-BE54-9A1E7A4F7556}") = "DesafioProjetoHospedagem", "DesafioProjetoHospedagem.csproj", "{B7FB3109-5BC6-4193-9415-C1B3FA639B54}"
EndProject
Global
	GlobalSection(SolutionConfigurationPlatforms) = preSolution
		Debug|Any CPU = Debug|Any CPU
		Release|Any CPU = Release|Any CPU
	EndGlobalSection
	GlobalSection(ProjectConfigurationPlatforms) = postSolution
		{B7FB3109-5BC6-4193-9415-C1B3FA639B54}.Debug|Any CPU.ActiveCfg = Debug|Any CPU
		{B7FB3109-5BC6-4193-9415-C1B3FA639B54}.Debug|Any CPU.Build.0 = Debug|Any CPU
		{B7FB3109-5BC6-4193-9415-C1B3FA639B54}.Release|Any CPU.ActiveCfg = Release|Any CPU
		{B7FB3109-5BC6-4193-9415-C1B3FA639B54}.Release|Any CPU.Build.0 = Release|Any CPU
	EndGlobalSection
	GlobalSection(SolutionProperties) = preSolution
		HideSolutionNode = FALSE
	EndGlobalSection
	GlobalSection(ExtensibilityGlobals) = postSolution
		SolutionGuid = {886DDE92-A6B8-47BB-B519-B60C2564F0AE}
	EndGlobalSection
EndGlobal
